
Microsoft Visual Studio Solution File, Format Version 12.00
# Visual Studio 15
VisualStudioVersion = 15.0.26730.12
MinimumVisualStudioVersion = 10.0.40219.1
Project("{FAE04EC0-301F-11D3-BF4B-00C04F79EFBC}") = "Ksu.Cis300.Nim", "Ksu.Cis300.Nim\Ksu.Cis300.Nim.csproj", "{1D1B6BFC-0466-4880-BCD7-157B67CF2FF7}"
EndProject
Global
	GlobalSection(SolutionConfigurationPlatforms) = preSolution
		Debug|Any CPU = Debug|Any CPU
		Release|Any CPU = Release|Any CPU
	EndGlobalSection
	GlobalSection(ProjectConfigurationPlatforms) = postSolution
		{1D1B6BFC-0466-4880-BCD7-157B67CF2FF7}.Debug|Any CPU.ActiveCfg = Debug|Any CPU
		{1D1B6BFC-0466-4880-BCD7-157B67CF2FF7}.Debug|Any CPU.Build.0 = Debug|Any CPU
		{1D1B6BFC-0466-4880-BCD7-157B67CF2FF7}.Release|Any CPU.ActiveCfg = Release|Any CPU
		{1D1B6BFC-0466-4880-BCD7-157B67CF2FF7}.Release|Any CPU.Build.0 = Release|Any CPU
	EndGlobalSection
	GlobalSection(SolutionProperties) = preSolution
		HideSolutionNode = FALSE
	EndGlobalSection
	GlobalSection(ExtensibilityGlobals) = postSolution
		SolutionGuid = {5CE1E5A3-8A13-43C5-BC74-B5DFEFFBC1CD}
	EndGlobalSection
EndGlobal
