
Microsoft Visual Studio Solution File, Format Version 12.00
# Visual Studio 15
VisualStudioVersion = 15.0.26730.12
MinimumVisualStudioVersion = 10.0.40219.1
Project("{FAE04EC0-301F-11D3-BF4B-00C04F79EFBC}") = "Ksu.Cis300.WordLookup", "Ksu.Cis300.WordLookup\Ksu.Cis300.WordLookup.csproj", "{8FAF61A8-4348-447D-89E5-D26A981DD78B}"
EndProject
Global
	GlobalSection(SolutionConfigurationPlatforms) = preSolution
		Debug|Any CPU = Debug|Any CPU
		Release|Any CPU = Release|Any CPU
	EndGlobalSection
	GlobalSection(ProjectConfigurationPlatforms) = postSolution
		{8FAF61A8-4348-447D-89E5-D26A981DD78B}.Debug|Any CPU.ActiveCfg = Debug|Any CPU
		{8FAF61A8-4348-447D-89E5-D26A981DD78B}.Debug|Any CPU.Build.0 = Debug|Any CPU
		{8FAF61A8-4348-447D-89E5-D26A981DD78B}.Release|Any CPU.ActiveCfg = Release|Any CPU
		{8FAF61A8-4348-447D-89E5-D26A981DD78B}.Release|Any CPU.Build.0 = Release|Any CPU
	EndGlobalSection
	GlobalSection(SolutionProperties) = preSolution
		HideSolutionNode = FALSE
	EndGlobalSection
	GlobalSection(ExtensibilityGlobals) = postSolution
		SolutionGuid = {AA1DFA5D-73E9-4EF0-8E8E-1B48E7F46EE2}
	EndGlobalSection
EndGlobal
